
Microsoft Visual Studio Solution File, Format Version 12.00
# Visual Studio Version 17
VisualStudioVersion = 17.5.002.0
MinimumVisualStudioVersion = 10.0.40219.1
Project("{2150E333-8FDC-42A3-9474-1A3956D46DE8}") = "csharp-prep", "csharp-prep", "{88F98743-239D-47B7-9BF0-65FD13C6128A}"
EndProject
Project("{9A19103F-16F7-4668-BE54-9A1E7A4F7556}") = "Prep1", "csharp-prep\Prep1\Prep1.csproj", "{F41C00CA-78E4-4E06-81FC-0DD708CABDC0}"
EndProject
Project("{9A19103F-16F7-4668-BE54-9A1E7A4F7556}") = "Prep2", "csharp-prep\Prep2\Prep2.csproj", "{C6568BBF-9936-40D1-9DAD-EABE34B6084A}"
EndProject
Project("{9A19103F-16F7-4668-BE54-9A1E7A4F7556}") = "Prep3", "csharp-prep\Prep3\Prep3.csproj", "{1282309D-74E3-4A6E-90B4-1EB4C69A24E2}"
EndProject
Project("{9A19103F-16F7-4668-BE54-9A1E7A4F7556}") = "Prep4", "csharp-prep\Prep4\Prep4.csproj", "{30CF007F-1932-49B1-95B8-EE358F80E229}"
EndProject
Project("{9A19103F-16F7-4668-BE54-9A1E7A4F7556}") = "Prep5", "csharp-prep\Prep5\Prep5.csproj", "{67886DA1-B446-4A00-A899-E84B3AF0A1F7}"
EndProject
Project("{2150E333-8FDC-42A3-9474-1A3956D46DE8}") = "final", "final", "{0F040A27-5CA6-40AC-A29F-1856DB04B97B}"
EndProject
Project("{9A19103F-16F7-4668-BE54-9A1E7A4F7556}") = "FinalProject", "final\FinalProject\FinalProject.csproj", "{40A0DAED-028E-4F10-9F87-77DA74607E10}"
EndProject
Project("{9A19103F-16F7-4668-BE54-9A1E7A4F7556}") = "Foundation1", "final\Foundation1\Foundation1.csproj", "{E8905374-BF07-4062-BFC5-8473E03A268B}"
EndProject
Project("{9A19103F-16F7-4668-BE54-9A1E7A4F7556}") = "Foundation2", "final\Foundation2\Foundation2.csproj", "{4E533AAA-6474-4A92-B1C2-5B85BFE4768F}"
EndProject
Project("{9A19103F-16F7-4668-BE54-9A1E7A4F7556}") = "Foundation3", "final\Foundation3\Foundation3.csproj", "{56464A5D-68B1-49CB-A312-0092160D8542}"
EndProject
Project("{9A19103F-16F7-4668-BE54-9A1E7A4F7556}") = "Foundation4", "final\Foundation4\Foundation4.csproj", "{F61F230C-F335-4732-A127-2C21A5F4D5F6}"
EndProject
Project("{2150E333-8FDC-42A3-9474-1A3956D46DE8}") = "prepare", "prepare", "{33D92BF9-A21B-4A4A-99A7-98D38F543544}"
EndProject
Project("{9A19103F-16F7-4668-BE54-9A1E7A4F7556}") = "Learning02", "prepare\Learning02\Learning02.csproj", "{8CCF431E-1D5D-4EA8-A9D3-7C7186E2AF6C}"
EndProject
Project("{9A19103F-16F7-4668-BE54-9A1E7A4F7556}") = "Learning03", "prepare\Learning03\Learning03.csproj", "{91287FD2-BA03-4B9E-A252-A2A94CD63DA8}"
EndProject
Project("{9A19103F-16F7-4668-BE54-9A1E7A4F7556}") = "Learning04", "prepare\Learning04\Learning04.csproj", "{EB1BFB21-7AC4-4892-B74F-69DDE860D7C0}"
EndProject
Project("{9A19103F-16F7-4668-BE54-9A1E7A4F7556}") = "Learning05", "prepare\Learning05\Learning05.csproj", "{B494D854-E443-47CB-8EB8-37A8ADD7C7D7}"
EndProject
Project("{2150E333-8FDC-42A3-9474-1A3956D46DE8}") = "prove", "prove", "{E0FEC1AD-5722-4ADD-A78C-45A4F1F09042}"
EndProject
Project("{9A19103F-16F7-4668-BE54-9A1E7A4F7556}") = "Develop02", "prove\Develop02\Develop02.csproj", "{4A94DCED-6623-4EC7-A2A7-38762507DD67}"
EndProject
Project("{9A19103F-16F7-4668-BE54-9A1E7A4F7556}") = "Develop03", "prove\Develop03\Develop03.csproj", "{D0022F8D-F1D0-46B0-8814-58A9A1EA678A}"
EndProject
Project("{9A19103F-16F7-4668-BE54-9A1E7A4F7556}") = "Develop04", "prove\Develop04\Develop04.csproj", "{0D0C7B4D-01D5-43E8-9EFC-F993DBC97A7F}"
EndProject
Project("{9A19103F-16F7-4668-BE54-9A1E7A4F7556}") = "Develop05", "prove\Develop05\Develop05.csproj", "{535DADD0-E21D-403B-83C7-27FC5A6F4768}"
EndProject
Project("{2150E333-8FDC-42A3-9474-1A3956D46DE8}") = "sandbox", "sandbox", "{6FCF7E72-D362-4C3D-B4E4-A1130B8662C6}"
EndProject
Project("{9A19103F-16F7-4668-BE54-9A1E7A4F7556}") = "Sandbox", "sandbox\Sandbox\Sandbox.csproj", "{E8D9B7BA-7133-4E6F-87CC-16439369189E}"
EndProject
Global
	GlobalSection(SolutionConfigurationPlatforms) = preSolution
		Debug|Any CPU = Debug|Any CPU
		Release|Any CPU = Release|Any CPU
	EndGlobalSection
	GlobalSection(ProjectConfigurationPlatforms) = postSolution
		{F41C00CA-78E4-4E06-81FC-0DD708CABDC0}.Debug|Any CPU.ActiveCfg = Debug|Any CPU
		{F41C00CA-78E4-4E06-81FC-0DD708CABDC0}.Debug|Any CPU.Build.0 = Debug|Any CPU
		{F41C00CA-78E4-4E06-81FC-0DD708CABDC0}.Release|Any CPU.ActiveCfg = Release|Any CPU
		{F41C00CA-78E4-4E06-81FC-0DD708CABDC0}.Release|Any CPU.Build.0 = Release|Any CPU
		{C6568BBF-9936-40D1-9DAD-EABE34B6084A}.Debug|Any CPU.ActiveCfg = Debug|Any CPU
		{C6568BBF-9936-40D1-9DAD-EABE34B6084A}.Debug|Any CPU.Build.0 = Debug|Any CPU
		{C6568BBF-9936-40D1-9DAD-EABE34B6084A}.Release|Any CPU.ActiveCfg = Release|Any CPU
		{C6568BBF-9936-40D1-9DAD-EABE34B6084A}.Release|Any CPU.Build.0 = Release|Any CPU
		{1282309D-74E3-4A6E-90B4-1EB4C69A24E2}.Debug|Any CPU.ActiveCfg = Debug|Any CPU
		{1282309D-74E3-4A6E-90B4-1EB4C69A24E2}.Debug|Any CPU.Build.0 = Debug|Any CPU
		{1282309D-74E3-4A6E-90B4-1EB4C69A24E2}.Release|Any CPU.ActiveCfg = Release|Any CPU
		{1282309D-74E3-4A6E-90B4-1EB4C69A24E2}.Release|Any CPU.Build.0 = Release|Any CPU
		{30CF007F-1932-49B1-95B8-EE358F80E229}.Debug|Any CPU.ActiveCfg = Debug|Any CPU
		{30CF007F-1932-49B1-95B8-EE358F80E229}.Debug|Any CPU.Build.0 = Debug|Any CPU
		{30CF007F-1932-49B1-95B8-EE358F80E229}.Release|Any CPU.ActiveCfg = Release|Any CPU
		{30CF007F-1932-49B1-95B8-EE358F80E229}.Release|Any CPU.Build.0 = Release|Any CPU
		{67886DA1-B446-4A00-A899-E84B3AF0A1F7}.Debug|Any CPU.ActiveCfg = Debug|Any CPU
		{67886DA1-B446-4A00-A899-E84B3AF0A1F7}.Debug|Any CPU.Build.0 = Debug|Any CPU
		{67886DA1-B446-4A00-A899-E84B3AF0A1F7}.Release|Any CPU.ActiveCfg = Release|Any CPU
		{67886DA1-B446-4A00-A899-E84B3AF0A1F7}.Release|Any CPU.Build.0 = Release|Any CPU
		{40A0DAED-028E-4F10-9F87-77DA74607E10}.Debug|Any CPU.ActiveCfg = Debug|Any CPU
		{40A0DAED-028E-4F10-9F87-77DA74607E10}.Debug|Any CPU.Build.0 = Debug|Any CPU
		{40A0DAED-028E-4F10-9F87-77DA74607E10}.Release|Any CPU.ActiveCfg = Release|Any CPU
		{40A0DAED-028E-4F10-9F87-77DA74607E10}.Release|Any CPU.Build.0 = Release|Any CPU
		{E8905374-BF07-4062-BFC5-8473E03A268B}.Debug|Any CPU.ActiveCfg = Debug|Any CPU
		{E8905374-BF07-4062-BFC5-8473E03A268B}.Debug|Any CPU.Build.0 = Debug|Any CPU
		{E8905374-BF07-4062-BFC5-8473E03A268B}.Release|Any CPU.ActiveCfg = Release|Any CPU
		{E8905374-BF07-4062-BFC5-8473E03A268B}.Release|Any CPU.Build.0 = Release|Any CPU
		{4E533AAA-6474-4A92-B1C2-5B85BFE4768F}.Debug|Any CPU.ActiveCfg = Debug|Any CPU
		{4E533AAA-6474-4A92-B1C2-5B85BFE4768F}.Debug|Any CPU.Build.0 = Debug|Any CPU
		{4E533AAA-6474-4A92-B1C2-5B85BFE4768F}.Release|Any CPU.ActiveCfg = Release|Any CPU
		{4E533AAA-6474-4A92-B1C2-5B85BFE4768F}.Release|Any CPU.Build.0 = Release|Any CPU
		{56464A5D-68B1-49CB-A312-0092160D8542}.Debug|Any CPU.ActiveCfg = Debug|Any CPU
		{56464A5D-68B1-49CB-A312-0092160D8542}.Debug|Any CPU.Build.0 = Debug|Any CPU
		{56464A5D-68B1-49CB-A312-0092160D8542}.Release|Any CPU.ActiveCfg = Release|Any CPU
		{56464A5D-68B1-49CB-A312-0092160D8542}.Release|Any CPU.Build.0 = Release|Any CPU
		{F61F230C-F335-4732-A127-2C21A5F4D5F6}.Debug|Any CPU.ActiveCfg = Debug|Any CPU
		{F61F230C-F335-4732-A127-2C21A5F4D5F6}.Debug|Any CPU.Build.0 = Debug|Any CPU
		{F61F230C-F335-4732-A127-2C21A5F4D5F6}.Release|Any CPU.ActiveCfg = Release|Any CPU
		{F61F230C-F335-4732-A127-2C21A5F4D5F6}.Release|Any CPU.Build.0 = Release|Any CPU
		{8CCF431E-1D5D-4EA8-A9D3-7C7186E2AF6C}.Debug|Any CPU.ActiveCfg = Debug|Any CPU
		{8CCF431E-1D5D-4EA8-A9D3-7C7186E2AF6C}.Debug|Any CPU.Build.0 = Debug|Any CPU
		{8CCF431E-1D5D-4EA8-A9D3-7C7186E2AF6C}.Release|Any CPU.ActiveCfg = Release|Any CPU
		{8CCF431E-1D5D-4EA8-A9D3-7C7186E2AF6C}.Release|Any CPU.Build.0 = Release|Any CPU
		{91287FD2-BA03-4B9E-A252-A2A94CD63DA8}.Debug|Any CPU.ActiveCfg = Debug|Any CPU
		{91287FD2-BA03-4B9E-A252-A2A94CD63DA8}.Debug|Any CPU.Build.0 = Debug|Any CPU
		{91287FD2-BA03-4B9E-A252-A2A94CD63DA8}.Release|Any CPU.ActiveCfg = Release|Any CPU
		{91287FD2-BA03-4B9E-A252-A2A94CD63DA8}.Release|Any CPU.Build.0 = Release|Any CPU
		{EB1BFB21-7AC4-4892-B74F-69DDE860D7C0}.Debug|Any CPU.ActiveCfg = Debug|Any CPU
		{EB1BFB21-7AC4-4892-B74F-69DDE860D7C0}.Debug|Any CPU.Build.0 = Debug|Any CPU
		{EB1BFB21-7AC4-4892-B74F-69DDE860D7C0}.Release|Any CPU.ActiveCfg = Release|Any CPU
		{EB1BFB21-7AC4-4892-B74F-69DDE860D7C0}.Release|Any CPU.Build.0 = Release|Any CPU
		{B494D854-E443-47CB-8EB8-37A8ADD7C7D7}.Debug|Any CPU.ActiveCfg = Debug|Any CPU
		{B494D854-E443-47CB-8EB8-37A8ADD7C7D7}.Debug|Any CPU.Build.0 = Debug|Any CPU
		{B494D854-E443-47CB-8EB8-37A8ADD7C7D7}.Release|Any CPU.ActiveCfg = Release|Any CPU
		{B494D854-E443-47CB-8EB8-37A8ADD7C7D7}.Release|Any CPU.Build.0 = Release|Any CPU
		{4A94DCED-6623-4EC7-A2A7-38762507DD67}.Debug|Any CPU.ActiveCfg = Debug|Any CPU
		{4A94DCED-6623-4EC7-A2A7-38762507DD67}.Debug|Any CPU.Build.0 = Debug|Any CPU
		{4A94DCED-6623-4EC7-A2A7-38762507DD67}.Release|Any CPU.ActiveCfg = Release|Any CPU
		{4A94DCED-6623-4EC7-A2A7-38762507DD67}.Release|Any CPU.Build.0 = Release|Any CPU
		{D0022F8D-F1D0-46B0-8814-58A9A1EA678A}.Debug|Any CPU.ActiveCfg = Debug|Any CPU
		{D0022F8D-F1D0-46B0-8814-58A9A1EA678A}.Debug|Any CPU.Build.0 = Debug|Any CPU
		{D0022F8D-F1D0-46B0-8814-58A9A1EA678A}.Release|Any CPU.ActiveCfg = Release|Any CPU
		{D0022F8D-F1D0-46B0-8814-58A9A1EA678A}.Release|Any CPU.Build.0 = Release|Any CPU
		{0D0C7B4D-01D5-43E8-9EFC-F993DBC97A7F}.Debug|Any CPU.ActiveCfg = Debug|Any CPU
		{0D0C7B4D-01D5-43E8-9EFC-F993DBC97A7F}.Debug|Any CPU.Build.0 = Debug|Any CPU
		{0D0C7B4D-01D5-43E8-9EFC-F993DBC97A7F}.Release|Any CPU.ActiveCfg = Release|Any CPU
		{0D0C7B4D-01D5-43E8-9EFC-F993DBC97A7F}.Release|Any CPU.Build.0 = Release|Any CPU
		{535DADD0-E21D-403B-83C7-27FC5A6F4768}.Debug|Any CPU.ActiveCfg = Debug|Any CPU
		{535DADD0-E21D-403B-83C7-27FC5A6F4768}.Debug|Any CPU.Build.0 = Debug|Any CPU
		{535DADD0-E21D-403B-83C7-27FC5A6F4768}.Release|Any CPU.ActiveCfg = Release|Any CPU
		{535DADD0-E21D-403B-83C7-27FC5A6F4768}.Release|Any CPU.Build.0 = Release|Any CPU
		{E8D9B7BA-7133-4E6F-87CC-16439369189E}.Debug|Any CPU.ActiveCfg = Debug|Any CPU
		{E8D9B7BA-7133-4E6F-87CC-16439369189E}.Debug|Any CPU.Build.0 = Debug|Any CPU
		{E8D9B7BA-7133-4E6F-87CC-16439369189E}.Release|Any CPU.ActiveCfg = Release|Any CPU
		{E8D9B7BA-7133-4E6F-87CC-16439369189E}.Release|Any CPU.Build.0 = Release|Any CPU
	EndGlobalSection
	GlobalSection(SolutionProperties) = preSolution
		HideSolutionNode = FALSE
	EndGlobalSection
	GlobalSection(NestedProjects) = preSolution
		{F41C00CA-78E4-4E06-81FC-0DD708CABDC0} = {88F98743-239D-47B7-9BF0-65FD13C6128A}
		{C6568BBF-9936-40D1-9DAD-EABE34B6084A} = {88F98743-239D-47B7-9BF0-65FD13C6128A}
		{1282309D-74E3-4A6E-90B4-1EB4C69A24E2} = {88F98743-239D-47B7-9BF0-65FD13C6128A}
		{30CF007F-1932-49B1-95B8-EE358F80E229} = {88F98743-239D-47B7-9BF0-65FD13C6128A}
		{67886DA1-B446-4A00-A899-E84B3AF0A1F7} = {88F98743-239D-47B7-9BF0-65FD13C6128A}
		{40A0DAED-028E-4F10-9F87-77DA74607E10} = {0F040A27-5CA6-40AC-A29F-1856DB04B97B}
		{E8905374-BF07-4062-BFC5-8473E03A268B} = {0F040A27-5CA6-40AC-A29F-1856DB04B97B}
		{4E533AAA-6474-4A92-B1C2-5B85BFE4768F} = {0F040A27-5CA6-40AC-A29F-1856DB04B97B}
		{56464A5D-68B1-49CB-A312-0092160D8542} = {0F040A27-5CA6-40AC-A29F-1856DB04B97B}
		{F61F230C-F335-4732-A127-2C21A5F4D5F6} = {0F040A27-5CA6-40AC-A29F-1856DB04B97B}
		{8CCF431E-1D5D-4EA8-A9D3-7C7186E2AF6C} = {33D92BF9-A21B-4A4A-99A7-98D38F543544}
		{91287FD2-BA03-4B9E-A252-A2A94CD63DA8} = {33D92BF9-A21B-4A4A-99A7-98D38F543544}
		{EB1BFB21-7AC4-4892-B74F-69DDE860D7C0} = {33D92BF9-A21B-4A4A-99A7-98D38F543544}
		{B494D854-E443-47CB-8EB8-37A8ADD7C7D7} = {33D92BF9-A21B-4A4A-99A7-98D38F543544}
		{4A94DCED-6623-4EC7-A2A7-38762507DD67} = {E0FEC1AD-5722-4ADD-A78C-45A4F1F09042}
		{D0022F8D-F1D0-46B0-8814-58A9A1EA678A} = {E0FEC1AD-5722-4ADD-A78C-45A4F1F09042}
		{0D0C7B4D-01D5-43E8-9EFC-F993DBC97A7F} = {E0FEC1AD-5722-4ADD-A78C-45A4F1F09042}
		{535DADD0-E21D-403B-83C7-27FC5A6F4768} = {E0FEC1AD-5722-4ADD-A78C-45A4F1F09042}
		{E8D9B7BA-7133-4E6F-87CC-16439369189E} = {6FCF7E72-D362-4C3D-B4E4-A1130B8662C6}
	EndGlobalSection
	GlobalSection(ExtensibilityGlobals) = postSolution
		SolutionGuid = {A0AEE5FA-9FC7-40FA-8944-57EC80E46A7F}
	EndGlobalSection
EndGlobal
